{
    "version": 3,
    "terraform_version": "0.10.4",
    "serial": 10,
    "lineage": "7aca81c1-65ff-4638-820d-11b6611e01d4",
    "modules": [
        {
            "path": [
                "root"
            ],
            "outputs": {
                "ip": {
                    "sensitive": false,
                    "type": "list",
                    "value": [
                        "34.207.170.114",
                        "34.235.133.68"
                    ]
                }
            },
            "resources": {
                "aws_instance.web.0": {
                    "type": "aws_instance",
                    "depends_on": [],
                    "primary": {
                        "id": "i-03bb048165f23c7bc",
                        "attributes": {
                            "ami": "ami-d651b8ac",
                            "associate_public_ip_address": "true",
                            "availability_zone": "us-east-1b",
                            "disable_api_termination": "false",
                            "ebs_block_device.#": "0",
                            "ebs_optimized": "false",
                            "ephemeral_block_device.#": "0",
                            "iam_instance_profile": "",
                            "id": "i-03bb048165f23c7bc",
                            "instance_state": "running",
                            "instance_type": "t2.micro",
                            "ipv6_addresses.#": "0",
                            "key_name": "",
                            "monitoring": "false",
                            "network_interface.#": "0",
                            "network_interface_id": "eni-e118a955",
                            "primary_network_interface_id": "eni-e118a955",
                            "private_dns": "ip-10-1-2-104.ec2.internal",
                            "private_ip": "10.1.2.104",
                            "public_dns": "ec2-34-207-170-114.compute-1.amazonaws.com",
                            "public_ip": "34.207.170.114",
                            "root_block_device.#": "1",
                            "root_block_device.0.delete_on_termination": "true",
                            "root_block_device.0.iops": "100",
                            "root_block_device.0.volume_size": "8",
                            "root_block_device.0.volume_type": "gp2",
                            "security_groups.#": "0",
                            "source_dest_check": "true",
                            "subnet_id": "subnet-9d9493c7",
                            "tags.%": "3",
                            "tags.Env": "learning",
                            "tags.Identity": "NWI-vault-gopher",
                            "tags.Name": "Hamed.$count{index}",
                            "tenancy": "default",
                            "volume_tags.%": "0",
                            "vpc_security_group_ids.#": "1",
                            "vpc_security_group_ids.3122687866": "sg-2788a154"
                        },
                        "meta": {
                            "e2bfb730-ecaa-11e6-8f88-34363bc7c4c0": {
                                "create": 600000000000,
                                "delete": 600000000000,
                                "update": 600000000000
                            },
                            "schema_version": "1"
                        },
                        "tainted": false
                    },
                    "deposed": [],
                    "provider": ""
                },
                "aws_instance.web.1": {
                    "type": "aws_instance",
                    "depends_on": [],
                    "primary": {
                        "id": "i-0aea0274a1dfb252d",
                        "attributes": {
                            "ami": "ami-d651b8ac",
                            "associate_public_ip_address": "true",
                            "availability_zone": "us-east-1b",
                            "disable_api_termination": "false",
                            "ebs_block_device.#": "0",
                            "ebs_optimized": "false",
                            "ephemeral_block_device.#": "0",
                            "iam_instance_profile": "",
                            "id": "i-0aea0274a1dfb252d",
                            "instance_state": "running",
                            "instance_type": "t2.micro",
                            "ipv6_addresses.#": "0",
                            "key_name": "",
                            "monitoring": "false",
                            "network_interface.#": "0",
                            "network_interface_id": "eni-54e050e0",
                            "primary_network_interface_id": "eni-54e050e0",
                            "private_dns": "ip-10-1-2-90.ec2.internal",
                            "private_ip": "10.1.2.90",
                            "public_dns": "ec2-34-235-133-68.compute-1.amazonaws.com",
                            "public_ip": "34.235.133.68",
                            "root_block_device.#": "1",
                            "root_block_device.0.delete_on_termination": "true",
                            "root_block_device.0.iops": "100",
                            "root_block_device.0.volume_size": "8",
                            "root_block_device.0.volume_type": "gp2",
                            "security_groups.#": "0",
                            "source_dest_check": "true",
                            "subnet_id": "subnet-9d9493c7",
                            "tags.%": "3",
                            "tags.Env": "learning",
                            "tags.Identity": "NWI-vault-gopher",
                            "tags.Name": "Hamed.$count{index}",
                            "tenancy": "default",
                            "volume_tags.%": "0",
                            "vpc_security_group_ids.#": "1",
                            "vpc_security_group_ids.3122687866": "sg-2788a154"
                        },
                        "meta": {
                            "e2bfb730-ecaa-11e6-8f88-34363bc7c4c0": {
                                "create": 600000000000,
                                "delete": 600000000000,
                                "update": 600000000000
                            },
                            "schema_version": "1"
                        },
                        "tainted": false
                    },
                    "deposed": [],
                    "provider": ""
                }
            },
            "depends_on": []
        }
    ]
}
